// !$*UTF8*$!
{
	archiveVersion = 1;
	classes = {
	};
	objectVersion = 50;
	objects = {

/* Begin PBXBuildFile section */
		BB2D164424321C9300418828 /* AppDelegate.swift in Sources */ = {isa = PBXBuildFile; fileRef = BB2D164324321C9300418828 /* AppDelegate.swift */; };
		BB2D164624321C9300418828 /* SceneDelegate.swift in Sources */ = {isa = PBXBuildFile; fileRef = BB2D164524321C9300418828 /* SceneDelegate.swift */; };
		BB2D164D24321C9400418828 /* Assets.xcassets in Resources */ = {isa = PBXBuildFile; fileRef = BB2D164C24321C9400418828 /* Assets.xcassets */; };
		BB2D165024321C9400418828 /* LaunchScreen.storyboard in Resources */ = {isa = PBXBuildFile; fileRef = BB2D164E24321C9400418828 /* LaunchScreen.storyboard */; };
		BB5D6E7C2434A19900DA5E20 /* RateCell.swift in Sources */ = {isa = PBXBuildFile; fileRef = BB5D6E7B2434A19900DA5E20 /* RateCell.swift */; };
		BB8004AA243360B300B4DC05 /* RateViewController.swift in Sources */ = {isa = PBXBuildFile; fileRef = BB8004A9243360B300B4DC05 /* RateViewController.swift */; };
		BB8004AC243360CE00B4DC05 /* CalcViewController.swift in Sources */ = {isa = PBXBuildFile; fileRef = BB8004AB243360CE00B4DC05 /* CalcViewController.swift */; };
/* End PBXBuildFile section */

/* Begin PBXFileReference section */
		BB2D164024321C9300418828 /* PersonalRateCalc.app */ = {isa = PBXFileReference; explicitFileType = wrapper.application; includeInIndex = 0; path = PersonalRateCalc.app; sourceTree = BUILT_PRODUCTS_DIR; };
		BB2D164324321C9300418828 /* AppDelegate.swift */ = {isa = PBXFileReference; lastKnownFileType = sourcecode.swift; path = AppDelegate.swift; sourceTree = "<group>"; };
		BB2D164524321C9300418828 /* SceneDelegate.swift */ = {isa = PBXFileReference; lastKnownFileType = sourcecode.swift; path = SceneDelegate.swift; sourceTree = "<group>"; };
		BB2D164C24321C9400418828 /* Assets.xcassets */ = {isa = PBXFileReference; lastKnownFileType = folder.assetcatalog; path = Assets.xcassets; sourceTree = "<group>"; };
		BB2D164F24321C9400418828 /* Base */ = {isa = PBXFileReference; lastKnownFileType = file.storyboard; name = Base; path = Base.lproj/LaunchScreen.storyboard; sourceTree = "<group>"; };
		BB2D165124321C9400418828 /* Info.plist */ = {isa = PBXFileReference; lastKnownFileType = text.plist.xml; path = Info.plist; sourceTree = "<group>"; };
		BB5D6E7B2434A19900DA5E20 /* RateCell.swift */ = {isa = PBXFileReference; lastKnownFileType = sourcecode.swift; path = RateCell.swift; sourceTree = "<group>"; };
		BB8004A9243360B300B4DC05 /* RateViewController.swift */ = {isa = PBXFileReference; lastKnownFileType = sourcecode.swift; path = RateViewController.swift; sourceTree = "<group>"; };
		BB8004AB243360CE00B4DC05 /* CalcViewController.swift */ = {isa = PBXFileReference; lastKnownFileType = sourcecode.swift; path = CalcViewController.swift; sourceTree = "<group>"; };
/* End PBXFileReference section */

/* Begin PBXFrameworksBuildPhase section */
		BB2D163D24321C9300418828 /* Frameworks */ = {
			isa = PBXFrameworksBuildPhase;
			buildActionMask = 2147483647;
			files = (
			);
			runOnlyForDeploymentPostprocessing = 0;
		};
/* End PBXFrameworksBuildPhase section */

/* Begin PBXGroup section */
		BB2D163724321C9300418828 = {
			isa = PBXGroup;
			children = (
				BB2D164224321C9300418828 /* PersonalRateCalc */,
				BB2D164124321C9300418828 /* Products */,
			);
			sourceTree = "<group>";
		};
		BB2D164124321C9300418828 /* Products */ = {
			isa = PBXGroup;
			children = (
				BB2D164024321C9300418828 /* PersonalRateCalc.app */,
			);
			name = Products;
			sourceTree = "<group>";
		};
		BB2D164224321C9300418828 /* PersonalRateCalc */ = {
			isa = PBXGroup;
			children = (
				BB5D6E7D2434A21500DA5E20 /* Rate */,
				BB2D164324321C9300418828 /* AppDelegate.swift */,
				BB2D164524321C9300418828 /* SceneDelegate.swift */,
				BB8004AB243360CE00B4DC05 /* CalcViewController.swift */,
				BB2D164C24321C9400418828 /* Assets.xcassets */,
				BB2D164E24321C9400418828 /* LaunchScreen.storyboard */,
				BB2D165124321C9400418828 /* Info.plist */,
			);
			path = PersonalRateCalc;
			sourceTree = "<group>";
		};
		BB5D6E7D2434A21500DA5E20 /* Rate */ = {
			isa = PBXGroup;
			children = (
				BB8004A9243360B300B4DC05 /* RateViewController.swift */,
				BB5D6E7B2434A19900DA5E20 /* RateCell.swift */,
			);
			path = Rate;
			sourceTree = "<group>";
		};
/* End PBXGroup section */

/* Begin PBXNativeTarget section */
		BB2D163F24321C9300418828 /* PersonalRateCalc */ = {
			isa = PBXNativeTarget;
			buildConfigurationList = BB2D165424321C9400418828 /* Build configuration list for PBXNativeTarget "PersonalRateCalc" */;
			buildPhases = (
				BB2D163C24321C9300418828 /* Sources */,
				BB2D163D24321C9300418828 /* Frameworks */,
				BB2D163E24321C9300418828 /* Resources */,
			);
			buildRules = (
			);
			dependencies = (
			);
			name = PersonalRateCalc;
			productName = PersonalRateCalc;
			productReference = BB2D164024321C9300418828 /* PersonalRateCalc.app */;
			productType = "com.apple.product-type.application";
		};
/* End PBXNativeTarget section */

/* Begin PBXProject section */
		BB2D163824321C9300418828 /* Project object */ = {
			isa = PBXProject;
			attributes = {
				LastSwiftUpdateCheck = 1130;
				LastUpgradeCheck = 1130;
				ORGANIZATIONNAME = "Tair Dospayev";
				TargetAttributes = {
					BB2D163F24321C9300418828 = {
						CreatedOnToolsVersion = 11.3.1;
					};
				};
			};
			buildConfigurationList = BB2D163B24321C9300418828 /* Build configuration list for PBXProject "PersonalRateCalc" */;
			compatibilityVersion = "Xcode 9.3";
			developmentRegion = en;
			hasScannedForEncodings = 0;
			knownRegions = (
				en,
				Base,
			);
			mainGroup = BB2D163724321C9300418828;
			productRefGroup = BB2D164124321C9300418828 /* Products */;
			projectDirPath = "";
			projectRoot = "";
			targets = (
				BB2D163F24321C9300418828 /* PersonalRateCalc */,
			);
		};
/* End PBXProject section */

/* Begin PBXResourcesBuildPhase section */
		BB2D163E24321C9300418828 /* Resources */ = {
			isa = PBXResourcesBuildPhase;
			buildActionMask = 2147483647;
			files = (
				BB2D165024321C9400418828 /* LaunchScreen.storyboard in Resources */,
				BB2D164D24321C9400418828 /* Assets.xcassets in Resources */,
			);
			runOnlyForDeploymentPostprocessing = 0;
		};
/* End PBXResourcesBuildPhase section */

/* Begin PBXSourcesBuildPhase section */
		BB2D163C24321C9300418828 /* Sources */ = {
			isa = PBXSourcesBuildPhase;
			buildActionMask = 2147483647;
			files = (
				BB8004AA243360B300B4DC05 /* RateViewController.swift in Sources */,
				BB5D6E7C2434A19900DA5E20 /* RateCell.swift in Sources */,
				BB8004AC243360CE00B4DC05 /* CalcViewController.swift in Sources */,
				BB2D164424321C9300418828 /* AppDelegate.swift in Sources */,
				BB2D164624321C9300418828 /* SceneDelegate.swift in Sources */,
			);
			runOnlyForDeploymentPostprocessing = 0;
		};
/* End PBXSourcesBuildPhase section */

/* Begin PBXVariantGroup section */
		BB2D164E24321C9400418828 /* LaunchScreen.storyboard */ = {
			isa = PBXVariantGroup;
			children = (
				BB2D164F24321C9400418828 /* Base */,
			);
			name = LaunchScreen.storyboard;
			sourceTree = "<group>";
		};
/* End PBXVariantGroup section */

/* Begin XCBuildConfiguration section */
		BB2D165224321C9400418828 /* Debug */ = {
			isa = XCBuildConfiguration;
			buildSettings = {
				ALWAYS_SEARCH_USER_PATHS = NO;
				CLANG_ANALYZER_NONNULL = YES;
				CLANG_ANALYZER_NUMBER_OBJECT_CONVERSION = YES_AGGRESSIVE;
				CLANG_CXX_LANGUAGE_STANDARD = "gnu++14";
				CLANG_CXX_LIBRARY = "libc++";
				CLANG_ENABLE_MODULES = YES;
				CLANG_ENABLE_OBJC_ARC = YES;
				CLANG_ENABLE_OBJC_WEAK = YES;
				CLANG_WARN_BLOCK_CAPTURE_AUTORELEASING = YES;
				CLANG_WARN_BOOL_CONVERSION = YES;
				CLANG_WARN_COMMA = YES;
				CLANG_WARN_CONSTANT_CONVERSION = YES;
				CLANG_WARN_DEPRECATED_OBJC_IMPLEMENTATIONS = YES;
				CLANG_WARN_DIRECT_OBJC_ISA_USAGE = YES_ERROR;
				CLANG_WARN_DOCUMENTATION_COMMENTS = YES;
				CLANG_WARN_EMPTY_BODY = YES;
				CLANG_WARN_ENUM_CONVERSION = YES;
				CLANG_WARN_INFINITE_RECURSION = YES;
				CLANG_WARN_INT_CONVERSION = YES;
				CLANG_WARN_NON_LITERAL_NULL_CONVERSION = YES;
				CLANG_WARN_OBJC_IMPLICIT_RETAIN_SELF = YES;
				CLANG_WARN_OBJC_LITERAL_CONVERSION = YES;
				CLANG_WARN_OBJC_ROOT_CLASS = YES_ERROR;
				CLANG_WARN_RANGE_LOOP_ANALYSIS = YES;
				CLANG_WARN_STRICT_PROTOTYPES = YES;
				CLANG_WARN_SUSPICIOUS_MOVE = YES;
				CLANG_WARN_UNGUARDED_AVAILABILITY = YES_AGGRESSIVE;
				CLANG_WARN_UNREACHABLE_CODE = YES;
				CLANG_WARN__DUPLICATE_METHOD_MATCH = YES;
				COPY_PHASE_STRIP = NO;
				DEBUG_INFORMATION_FORMAT = dwarf;
				ENABLE_STRICT_OBJC_MSGSEND = YES;
				ENABLE_TESTABILITY = YES;
				GCC_C_LANGUAGE_STANDARD = gnu11;
				GCC_DYNAMIC_NO_PIC = NO;
				GCC_NO_COMMON_BLOCKS = YES;
				GCC_OPTIMIZATION_LEVEL = 0;
				GCC_PREPROCESSOR_DEFINITIONS = (
					"DEBUG=1",
					"$(inherited)",
				);
				GCC_WARN_64_TO_32_BIT_CONVERSION = YES;
				GCC_WARN_ABOUT_RETURN_TYPE = YES_ERROR;
				GCC_WARN_UNDECLARED_SELECTOR = YES;
				GCC_WARN_UNINITIALIZED_AUTOS = YES_AGGRESSIVE;
				GCC_WARN_UNUSED_FUNCTION = YES;
				GCC_WARN_UNUSED_VARIABLE = YES;
				IPHONEOS_DEPLOYMENT_TARGET = 13.2;
				MTL_ENABLE_DEBUG_INFO = INCLUDE_SOURCE;
				MTL_FAST_MATH = YES;
				ONLY_ACTIVE_ARCH = YES;
				SDKROOT = iphoneos;
				SWIFT_ACTIVE_COMPILATION_CONDITIONS = DEBUG;
				SWIFT_OPTIMIZATION_LEVEL = "-Onone";
			};
			name = Debug;
		};
		BB2D165324321C9400418828 /* Release */ = {
			isa = XCBuildConfiguration;
			buildSettings = {
				ALWAYS_SEARCH_USER_PATHS = NO;
				CLANG_ANALYZER_NONNULL = YES;
				CLANG_ANALYZER_NUMBER_OBJECT_CONVERSION = YES_AGGRESSIVE;
				CLANG_CXX_LANGUAGE_STANDARD = "gnu++14";
				CLANG_CXX_LIBRARY = "libc++";
				CLANG_ENABLE_MODULES = YES;
				CLANG_ENABLE_OBJC_ARC = YES;
				CLANG_ENABLE_OBJC_WEAK = YES;
				CLANG_WARN_BLOCK_CAPTURE_AUTORELEASING = YES;
				CLANG_WARN_BOOL_CONVERSION = YES;
				CLANG_WARN_COMMA = YES;
				CLANG_WARN_CONSTANT_CONVERSION = YES;
				CLANG_WARN_DEPRECATED_OBJC_IMPLEMENTATIONS = YES;
				CLANG_WARN_DIRECT_OBJC_ISA_USAGE = YES_ERROR;
				CLANG_WARN_DOCUMENTATION_COMMENTS = YES;
				CLANG_WARN_EMPTY_BODY = YES;
				CLANG_WARN_ENUM_CONVERSION = YES;
				CLANG_WARN_INFINITE_RECURSION = YES;
				CLANG_WARN_INT_CONVERSION = YES;
				CLANG_WARN_NON_LITERAL_NULL_CONVERSION = YES;
				CLANG_WARN_OBJC_IMPLICIT_RETAIN_SELF = YES;
				CLANG_WARN_OBJC_LITERAL_CONVERSION = YES;
				CLANG_WARN_OBJC_ROOT_CLASS = YES_ERROR;
				CLANG_WARN_RANGE_LOOP_ANALYSIS = YES;
				CLANG_WARN_STRICT_PROTOTYPES = YES;
				CLANG_WARN_SUSPICIOUS_MOVE = YES;
				CLANG_WARN_UNGUARDED_AVAILABILITY = YES_AGGRESSIVE;
				CLANG_WARN_UNREACHABLE_CODE = YES;
				CLANG_WARN__DUPLICATE_METHOD_MATCH = YES;
				COPY_PHASE_STRIP = NO;
				DEBUG_INFORMATION_FORMAT = "dwarf-with-dsym";
				ENABLE_NS_ASSERTIONS = NO;
				ENABLE_STRICT_OBJC_MSGSEND = YES;
				GCC_C_LANGUAGE_STANDARD = gnu11;
				GCC_NO_COMMON_BLOCKS = YES;
				GCC_WARN_64_TO_32_BIT_CONVERSION = YES;
				GCC_WARN_ABOUT_RETURN_TYPE = YES_ERROR;
				GCC_WARN_UNDECLARED_SELECTOR = YES;
				GCC_WARN_UNINITIALIZED_AUTOS = YES_AGGRESSIVE;
				GCC_WARN_UNUSED_FUNCTION = YES;
				GCC_WARN_UNUSED_VARIABLE = YES;
				IPHONEOS_DEPLOYMENT_TARGET = 13.2;
				MTL_ENABLE_DEBUG_INFO = NO;
				MTL_FAST_MATH = YES;
				SDKROOT = iphoneos;
				SWIFT_COMPILATION_MODE = wholemodule;
				SWIFT_OPTIMIZATION_LEVEL = "-O";
				VALIDATE_PRODUCT = YES;
			};
			name = Release;
		};
		BB2D165524321C9400418828 /* Debug */ = {
			isa = XCBuildConfiguration;
			buildSettings = {
				ASSETCATALOG_COMPILER_APPICON_NAME = AppIcon;
				CODE_SIGN_STYLE = Automatic;
				DEVELOPMENT_TEAM = WV67PM49HP;
				INFOPLIST_FILE = PersonalRateCalc/Info.plist;
				LD_RUNPATH_SEARCH_PATHS = (
					"$(inherited)",
					"@executable_path/Frameworks",
				);
				PRODUCT_BUNDLE_IDENTIFIER = my.PersonalRateCalc;
				PRODUCT_NAME = "$(TARGET_NAME)";
				SWIFT_VERSION = 5.0;
				TARGETED_DEVICE_FAMILY = 1;
			};
			name = Debug;
		};
		BB2D165624321C9400418828 /* Release */ = {
			isa = XCBuildConfiguration;
			buildSettings = {
				ASSETCATALOG_COMPILER_APPICON_NAME = AppIcon;
				CODE_SIGN_STYLE = Automatic;
				DEVELOPMENT_TEAM = WV67PM49HP;
				INFOPLIST_FILE = PersonalRateCalc/Info.plist;
				LD_RUNPATH_SEARCH_PATHS = (
					"$(inherited)",
					"@executable_path/Frameworks",
				);
				PRODUCT_BUNDLE_IDENTIFIER = my.PersonalRateCalc;
				PRODUCT_NAME = "$(TARGET_NAME)";
				SWIFT_VERSION = 5.0;
				TARGETED_DEVICE_FAMILY = 1;
			};
			name = Release;
		};
/* End XCBuildConfiguration section */

/* Begin XCConfigurationList section */
		BB2D163B24321C9300418828 /* Build configuration list for PBXProject "PersonalRateCalc" */ = {
			isa = XCConfigurationList;
			buildConfigurations = (
				BB2D165224321C9400418828 /* Debug */,
				BB2D165324321C9400418828 /* Release */,
			);
			defaultConfigurationIsVisible = 0;
			defaultConfigurationName = Release;
		};
		BB2D165424321C9400418828 /* Build configuration list for PBXNativeTarget "PersonalRateCalc" */ = {
			isa = XCConfigurationList;
			buildConfigurations = (
				BB2D165524321C9400418828 /* Debug */,
				BB2D165624321C9400418828 /* Release */,
			);
			defaultConfigurationIsVisible = 0;
			defaultConfigurationName = Release;
		};
/* End XCConfigurationList section */
	};
	rootObject = BB2D163824321C9300418828 /* Project object */;
}
